// !$*UTF8*$!
{
	archiveVersion = 1;
	classes = {
	};
	objectVersion = 77;
	objects = {

/* Begin PBXBuildFile section */
		CA0000000000000000000301 /* CapturaCore in Frameworks */ = {isa = PBXBuildFile; productRef = CA0000000000000000000601 /* CapturaCore */; };
/* End PBXBuildFile section */

/* Begin PBXContainerItemProxy section */
		CA0000000000000000000701 /* PBXContainerItemProxy */ = {
			isa = PBXContainerItemProxy;
			containerPortal = CA0000000000000000000001 /* Project object */;
			proxyType = 1;
			remoteGlobalIDString = CA0000000000000000000101;
			remoteInfo = Captura;
		};
/* End PBXContainerItemProxy section */

/* Begin PBXFileReference section */
		CA0000000000000000000401 /* Captura.app */ = {isa = PBXFileReference; explicitFileType = wrapper.application; includeInIndex = 0; path = Captura.app; sourceTree = BUILT_PRODUCTS_DIR; };
		CA0000000000000000000402 /* CapturaAppTests.xctest */ = {isa = PBXFileReference; explicitFileType = wrapper.cfbundle; includeInIndex = 0; path = CapturaAppTests.xctest; sourceTree = BUILT_PRODUCTS_DIR; };
		CA0000000000000000000403 /* Captura.base.xcconfig */ = {isa = PBXFileReference; lastKnownFileType = text.xcconfig; path = Captura.base.xcconfig; sourceTree = "<group>"; };
		CA0000000000000000000404 /* Captura.local.example.xcconfig */ = {isa = PBXFileReference; lastKnownFileType = text.xcconfig; path = Captura.local.example.xcconfig; sourceTree = "<group>"; };
		CA0000000000000000000405 /* Info.plist */ = {isa = PBXFileReference; lastKnownFileType = text.plist.xml; path = Info.plist; sourceTree = "<group>"; };
		CA0000000000000000000406 /* CapturaCore */ = {isa = PBXFileReference; lastKnownFileType = wrapper; path = CapturaCore; sourceTree = "<group>"; };
/* End PBXFileReference section */

/* Begin PBXFileSystemSynchronizedRootGroup section */
		CA0000000000000000000501 /* Captura */ = {
			isa = PBXFileSystemSynchronizedRootGroup;
			path = Captura;
			sourceTree = "<group>";
		};
		CA0000000000000000000502 /* CapturaAppTests */ = {
			isa = PBXFileSystemSynchronizedRootGroup;
			path = CapturaAppTests;
			sourceTree = "<group>";
		};
/* End PBXFileSystemSynchronizedRootGroup section */

/* Begin PBXFrameworksBuildPhase section */
		CA0000000000000000000201 /* Frameworks */ = {
			isa = PBXFrameworksBuildPhase;
			buildActionMask = 2147483647;
			files = (
				CA0000000000000000000301 /* CapturaCore in Frameworks */,
			);
			runOnlyForDeploymentPostprocessing = 0;
		};
		CA0000000000000000000211 /* Frameworks */ = {
			isa = PBXFrameworksBuildPhase;
			buildActionMask = 2147483647;
			files = (
			);
			runOnlyForDeploymentPostprocessing = 0;
		};
/* End PBXFrameworksBuildPhase section */

/* Begin PBXGroup section */
		CA0000000000000000000011 = {
			isa = PBXGroup;
			children = (
				CA0000000000000000000406 /* CapturaCore */,
				CA0000000000000000000501 /* Captura */,
				CA0000000000000000000502 /* CapturaAppTests */,
				CA0000000000000000000012 /* Config */,
				CA0000000000000000000013 /* Support */,
				CA0000000000000000000014 /* Products */,
			);
			sourceTree = "<group>";
		};
		CA0000000000000000000012 /* Config */ = {
			isa = PBXGroup;
			children = (
				CA0000000000000000000403 /* Captura.base.xcconfig */,
				CA0000000000000000000404 /* Captura.local.example.xcconfig */,
			);
			path = Config;
			sourceTree = "<group>";
		};
		CA0000000000000000000013 /* Support */ = {
			isa = PBXGroup;
			children = (
				CA0000000000000000000405 /* Info.plist */,
			);
			path = Support;
			sourceTree = "<group>";
		};
		CA0000000000000000000014 /* Products */ = {
			isa = PBXGroup;
			children = (
				CA0000000000000000000401 /* Captura.app */,
				CA0000000000000000000402 /* CapturaAppTests.xctest */,
			);
			name = Products;
			sourceTree = "<group>";
		};
/* End PBXGroup section */

/* Begin PBXNativeTarget section */
		CA0000000000000000000101 /* Captura */ = {
			isa = PBXNativeTarget;
			buildConfigurationList = CA0000000000000000000902 /* Build configuration list for PBXNativeTarget "Captura" */;
			buildPhases = (
				CA0000000000000000000202 /* Sources */,
				CA0000000000000000000201 /* Frameworks */,
				CA0000000000000000000203 /* Resources */,
			);
			buildRules = (
			);
			dependencies = (
			);
			fileSystemSynchronizedGroups = (
				CA0000000000000000000501 /* Captura */,
			);
			name = Captura;
			packageProductDependencies = (
				CA0000000000000000000601 /* CapturaCore */,
			);
			productName = Captura;
			productReference = CA0000000000000000000401 /* Captura.app */;
			productType = "com.apple.product-type.application";
		};
		CA0000000000000000000102 /* CapturaAppTests */ = {
			isa = PBXNativeTarget;
			buildConfigurationList = CA0000000000000000000903 /* Build configuration list for PBXNativeTarget "CapturaAppTests" */;
			buildPhases = (
				CA0000000000000000000212 /* Sources */,
				CA0000000000000000000211 /* Frameworks */,
				CA0000000000000000000213 /* Resources */,
			);
			buildRules = (
			);
			dependencies = (
				CA0000000000000000000801 /* PBXTargetDependency */,
			);
			fileSystemSynchronizedGroups = (
				CA0000000000000000000502 /* CapturaAppTests */,
			);
			name = CapturaAppTests;
			productName = CapturaAppTests;
			productReference = CA0000000000000000000402 /* CapturaAppTests.xctest */;
			productType = "com.apple.product-type.bundle.unit-test";
		};
/* End PBXNativeTarget section */

/* Begin PBXProject section */
		CA0000000000000000000001 /* Project object */ = {
			isa = PBXProject;
			attributes = {
				BuildIndependentTargetsInParallel = 1;
				LastSwiftUpdateCheck = 2610;
				LastUpgradeCheck = 2610;
				TargetAttributes = {
					CA0000000000000000000101 = {
						CreatedOnToolsVersion = 26.1;
					};
					CA0000000000000000000102 = {
						CreatedOnToolsVersion = 26.1;
						TestTargetID = CA0000000000000000000101;
					};
				};
			};
			buildConfigurationList = CA0000000000000000000901 /* Build configuration list for PBXProject "Captura" */;
			developmentRegion = es;
			hasScannedForEncodings = 0;
			knownRegions = (
				es,
				Base,
			);
			mainGroup = CA0000000000000000000011;
			minimizedProjectReferenceProxies = 1;
			packageReferences = (
				CA0000000000000000000611 /* XCLocalSwiftPackageReference "CapturaCore" */,
			);
			preferredProjectObjectVersion = 77;
			productRefGroup = CA0000000000000000000014 /* Products */;
			projectDirPath = "";
			projectRoot = "";
			targets = (
				CA0000000000000000000101 /* Captura */,
				CA0000000000000000000102 /* CapturaAppTests */,
			);
		};
/* End PBXProject section */

/* Begin PBXResourcesBuildPhase section */
		CA0000000000000000000203 /* Resources */ = {
			isa = PBXResourcesBuildPhase;
			buildActionMask = 2147483647;
			files = (
			);
			runOnlyForDeploymentPostprocessing = 0;
		};
		CA0000000000000000000213 /* Resources */ = {
			isa = PBXResourcesBuildPhase;
			buildActionMask = 2147483647;
			files = (
			);
			runOnlyForDeploymentPostprocessing = 0;
		};
/* End PBXResourcesBuildPhase section */

/* Begin PBXSourcesBuildPhase section */
		CA0000000000000000000202 /* Sources */ = {
			isa = PBXSourcesBuildPhase;
			buildActionMask = 2147483647;
			files = (
			);
			runOnlyForDeploymentPostprocessing = 0;
		};
		CA0000000000000000000212 /* Sources */ = {
			isa = PBXSourcesBuildPhase;
			buildActionMask = 2147483647;
			files = (
			);
			runOnlyForDeploymentPostprocessing = 0;
		};
/* End PBXSourcesBuildPhase section */

/* Begin PBXTargetDependency section */
		CA0000000000000000000801 /* PBXTargetDependency */ = {
			isa = PBXTargetDependency;
			target = CA0000000000000000000101 /* Captura */;
			targetProxy = CA0000000000000000000701 /* PBXContainerItemProxy */;
		};
/* End PBXTargetDependency section */

/* Begin XCBuildConfiguration section */
		CA0000000000000000000911 /* Debug */ = {
			isa = XCBuildConfiguration;
			baseConfigurationReference = CA0000000000000000000403 /* Captura.base.xcconfig */;
			buildSettings = {
				ALWAYS_SEARCH_USER_PATHS = NO;
				CLANG_ENABLE_MODULES = YES;
				CLANG_ENABLE_OBJC_ARC = YES;
				COPY_PHASE_STRIP = NO;
				DEBUG_INFORMATION_FORMAT = dwarf;
				ENABLE_STRICT_OBJC_MSGSEND = YES;
				ENABLE_TESTABILITY = YES;
				GCC_OPTIMIZATION_LEVEL = 0;
				IPHONEOS_DEPLOYMENT_TARGET = 18.0;
				ONLY_ACTIVE_ARCH = YES;
				SDKROOT = iphoneos;
				SWIFT_ACTIVE_COMPILATION_CONDITIONS = "DEBUG $(inherited)";
				SWIFT_OPTIMIZATION_LEVEL = "-Onone";
				SWIFT_VERSION = 5.0;
			};
			name = Debug;
		};
		CA0000000000000000000912 /* Release */ = {
			isa = XCBuildConfiguration;
			baseConfigurationReference = CA0000000000000000000403 /* Captura.base.xcconfig */;
			buildSettings = {
				ALWAYS_SEARCH_USER_PATHS = NO;
				CLANG_ENABLE_MODULES = YES;
				CLANG_ENABLE_OBJC_ARC = YES;
				COPY_PHASE_STRIP = NO;
				DEBUG_INFORMATION_FORMAT = "dwarf-with-dsym";
				ENABLE_NS_ASSERTIONS = NO;
				ENABLE_STRICT_OBJC_MSGSEND = YES;
				IPHONEOS_DEPLOYMENT_TARGET = 18.0;
				SDKROOT = iphoneos;
				SWIFT_COMPILATION_MODE = wholemodule;
				SWIFT_OPTIMIZATION_LEVEL = "-O";
				SWIFT_VERSION = 5.0;
				VALIDATE_PRODUCT = YES;
			};
			name = Release;
		};
		CA0000000000000000000921 /* Debug */ = {
			isa = XCBuildConfiguration;
			baseConfigurationReference = CA0000000000000000000403 /* Captura.base.xcconfig */;
			buildSettings = {
				CODE_SIGN_STYLE = Automatic;
				CURRENT_PROJECT_VERSION = 1;
				DEVELOPMENT_TEAM = "$(CAPTURA_DEVELOPMENT_TEAM)";
				INFOPLIST_FILE = Support/Info.plist;
				LD_RUNPATH_SEARCH_PATHS = (
					"$(inherited)",
					"@executable_path/Frameworks",
				);
				MARKETING_VERSION = 0.1.0;
				PRODUCT_BUNDLE_IDENTIFIER = "$(CAPTURA_BUNDLE_ID)";
				PRODUCT_NAME = "$(TARGET_NAME)";
				SUPPORTED_PLATFORMS = "iphoneos iphonesimulator";
				SUPPORTS_MACCATALYST = NO;
				SUPPORTS_MAC_DESIGNED_FOR_IPHONE_IPAD = NO;
				SWIFT_EMIT_LOC_STRINGS = NO;
				TARGETED_DEVICE_FAMILY = 1;
			};
			name = Debug;
		};
		CA0000000000000000000922 /* Release */ = {
			isa = XCBuildConfiguration;
			baseConfigurationReference = CA0000000000000000000403 /* Captura.base.xcconfig */;
			buildSettings = {
				CODE_SIGN_STYLE = Automatic;
				CURRENT_PROJECT_VERSION = 1;
				DEVELOPMENT_TEAM = "$(CAPTURA_DEVELOPMENT_TEAM)";
				INFOPLIST_FILE = Support/Info.plist;
				LD_RUNPATH_SEARCH_PATHS = (
					"$(inherited)",
					"@executable_path/Frameworks",
				);
				MARKETING_VERSION = 0.1.0;
				PRODUCT_BUNDLE_IDENTIFIER = "$(CAPTURA_BUNDLE_ID)";
				PRODUCT_NAME = "$(TARGET_NAME)";
				SUPPORTED_PLATFORMS = "iphoneos iphonesimulator";
				SUPPORTS_MACCATALYST = NO;
				SUPPORTS_MAC_DESIGNED_FOR_IPHONE_IPAD = NO;
				SWIFT_EMIT_LOC_STRINGS = NO;
				TARGETED_DEVICE_FAMILY = 1;
			};
			name = Release;
		};
		CA0000000000000000000931 /* Debug */ = {
			isa = XCBuildConfiguration;
			baseConfigurationReference = CA0000000000000000000403 /* Captura.base.xcconfig */;
			buildSettings = {
				BUNDLE_LOADER = "$(TEST_HOST)";
				CODE_SIGN_STYLE = Automatic;
				CURRENT_PROJECT_VERSION = 1;
				DEVELOPMENT_TEAM = "$(CAPTURA_DEVELOPMENT_TEAM)";
				GENERATE_INFOPLIST_FILE = YES;
				MARKETING_VERSION = 0.1.0;
				PRODUCT_BUNDLE_IDENTIFIER = "$(CAPTURA_BUNDLE_ID).tests";
				PRODUCT_NAME = "$(TARGET_NAME)";
				SUPPORTED_PLATFORMS = "iphoneos iphonesimulator";
				SWIFT_EMIT_LOC_STRINGS = NO;
				TARGETED_DEVICE_FAMILY = 1;
				TEST_HOST = "$(BUILT_PRODUCTS_DIR)/Captura.app/$(BUNDLE_EXECUTABLE_FOLDER_PATH)/Captura";
			};
			name = Debug;
		};
		CA0000000000000000000932 /* Release */ = {
			isa = XCBuildConfiguration;
			baseConfigurationReference = CA0000000000000000000403 /* Captura.base.xcconfig */;
			buildSettings = {
				BUNDLE_LOADER = "$(TEST_HOST)";
				CODE_SIGN_STYLE = Automatic;
				CURRENT_PROJECT_VERSION = 1;
				DEVELOPMENT_TEAM = "$(CAPTURA_DEVELOPMENT_TEAM)";
				GENERATE_INFOPLIST_FILE = YES;
				MARKETING_VERSION = 0.1.0;
				PRODUCT_BUNDLE_IDENTIFIER = "$(CAPTURA_BUNDLE_ID).tests";
				PRODUCT_NAME = "$(TARGET_NAME)";
				SUPPORTED_PLATFORMS = "iphoneos iphonesimulator";
				SWIFT_EMIT_LOC_STRINGS = NO;
				TARGETED_DEVICE_FAMILY = 1;
				TEST_HOST = "$(BUILT_PRODUCTS_DIR)/Captura.app/$(BUNDLE_EXECUTABLE_FOLDER_PATH)/Captura";
			};
			name = Release;
		};
/* End XCBuildConfiguration section */

/* Begin XCConfigurationList section */
		CA0000000000000000000901 /* Build configuration list for PBXProject "Captura" */ = {
			isa = XCConfigurationList;
			buildConfigurations = (
				CA0000000000000000000911 /* Debug */,
				CA0000000000000000000912 /* Release */,
			);
			defaultConfigurationIsVisible = 0;
			defaultConfigurationName = Release;
		};
		CA0000000000000000000902 /* Build configuration list for PBXNativeTarget "Captura" */ = {
			isa = XCConfigurationList;
			buildConfigurations = (
				CA0000000000000000000921 /* Debug */,
				CA0000000000000000000922 /* Release */,
			);
			defaultConfigurationIsVisible = 0;
			defaultConfigurationName = Release;
		};
		CA0000000000000000000903 /* Build configuration list for PBXNativeTarget "CapturaAppTests" */ = {
			isa = XCConfigurationList;
			buildConfigurations = (
				CA0000000000000000000931 /* Debug */,
				CA0000000000000000000932 /* Release */,
			);
			defaultConfigurationIsVisible = 0;
			defaultConfigurationName = Release;
		};
/* End XCConfigurationList section */

/* Begin XCLocalSwiftPackageReference section */
		CA0000000000000000000611 /* XCLocalSwiftPackageReference "CapturaCore" */ = {
			isa = XCLocalSwiftPackageReference;
			relativePath = CapturaCore;
		};
/* End XCLocalSwiftPackageReference section */

/* Begin XCSwiftPackageProductDependency section */
		CA0000000000000000000601 /* CapturaCore */ = {
			isa = XCSwiftPackageProductDependency;
			productName = CapturaCore;
		};
/* End XCSwiftPackageProductDependency section */
	};
	rootObject = CA0000000000000000000001 /* Project object */;
}
